Microsoft Visual Studio Solution File, Format Version 8.00
Project("{8BC9CEB8-8B4A-11D0-8D11-00A0C91BC942}") = "SalixWeb32", "build\vs2003\SalixWeb32.vcproj", "{D8E4AB59-0F48-4F74-A718-490D7E1C8320}"
	ProjectSection(ProjectDependencies) = postProject
	EndProjectSection
EndProject
Global
	GlobalSection(SolutionConfiguration) = preSolution
		Debug = Debug
		Release = Release
	EndGlobalSection
	GlobalSection(ProjectConfiguration) = postSolution
		{D8E4AB59-0F48-4F74-A718-490D7E1C8320}.Debug.ActiveCfg = Debug|Win32
		{D8E4AB59-0F48-4F74-A718-490D7E1C8320}.Debug.Build.0 = Debug|Win32
		{D8E4AB59-0F48-4F74-A718-490D7E1C8320}.Release.ActiveCfg = Release|Win32
		{D8E4AB59-0F48-4F74-A718-490D7E1C8320}.Release.Build.0 = Release|Win32
	EndGlobalSection
	GlobalSection(ExtensibilityGlobals) = postSolution
	EndGlobalSection
	GlobalSection(ExtensibilityAddIns) = postSolution
	EndGlobalSection
EndGlobal
